# This file is automatically @generated by Poetry 2.2.1 and should not be changed by hand.

[[package]]
name = "colorama"
version = "0.4.6"
description = "Cross-platform colored terminal text."
optional = false
python-versions = "!=3.0.*,!=3.1.*,!=3.2.*,!=3.3.*,!=3.4.*,!=3.5.*,!=3.6.*,>=2.7"
groups = ["dev"]
markers = "sys_platform == \"win32\""
files = [
    {file = "colorama-0.4.6-py2.py3-none-any.whl", hash = "sha256:4f1d9991f5acc0ca119f9d443620b77f9d6b33703e51011c16baf57afb285fc6"},
    {file = "colorama-0.4.6.tar.gz", hash = "sha256:08695f5cb7ed6e0531a20572697297273c47b8cae5a63ffc6d6ed5c201be6e44"},
]

[[package]]
name = "exceptiongroup"
version = "1.2.2"
description = "Backport of PEP 654 (exception groups)"
optional = false
python-versions = ">=3.7"
groups = ["dev"]
markers = "python_version == \"3.10\""
files = [
    {file = "exceptiongroup-1.2.2-py3-none-any.whl", hash = "sha256:3111b9d131c238bec2f8f516e123e14ba243563fb135d3fe885990585aa7795b"},
    {file = "exceptiongroup-1.2.2.tar.gz", hash = "sha256:47c2edf7c6738fafb49fd34290706d1a1a2f4d1c6df275526b62cbb4aa5393cc"},
]

[package.extras]
test = ["pytest (>=6)"]

[[package]]
name = "iniconfig"
version = "2.0.0"
description = "brain-dead simple config-ini parsing"
optional = false
python-versions = ">=3.7"
groups = ["dev"]
files = [
    {file = "iniconfig-2.0.0-py3-none-any.whl", hash = "sha256:b6a85871a79d2e3b22d2d1b94ac2824226a63c6b741c88f7ae975f18b6778374"},
    {file = "iniconfig-2.0.0.tar.gz", hash = "sha256:2d91e135bf72d31a410b17c16da610a82cb55f6b0477d1a902134b24a455b8b3"},
]

[[package]]
name = "packaging"
version = "24.0"
description = "Core utilities for Python packages"
optional = false
python-versions = ">=3.7"
groups = ["dev"]
files = [
    {file = "packaging-24.0-py3-none-any.whl", hash = "sha256:2ddfb553fdf02fb784c234c7ba6ccc288296ceabec964ad2eae3777778130bc5"},
    {file = "packaging-24.0.tar.gz", hash = "sha256:eb82c5e3e56209074766e6885bb04b8c38a0c015d0a30036ebe7ece34c9989e9"},
]

[[package]]
name = "pluggy"
version = "1.2.0"
description = "plugin and hook calling mechanisms for python"
optional = false
python-versions = ">=3.7"
groups = ["dev"]
files = [
    {file = "pluggy-1.2.0-py3-none-any.whl", hash = "sha256:c2fd55a7d7a3863cba1a013e4e2414658b1d07b6bc57b3919e0c63c9abb99849"},
    {file = "pluggy-1.2.0.tar.gz", hash = "sha256:d12f0c4b579b15f5e054301bb226ee85eeeba08ffec228092f8defbaa3a4c4b3"},
]

[package.extras]
dev = ["pre-commit", "tox"]
testing = ["pytest", "pytest-benchmark"]

[[package]]
name = "pytest"
version = "7.4.4"
description = "pytest: simple powerful testing with Python"
optional = false
python-versions = ">=3.7"
groups = ["dev"]
files = [
    {file = "pytest-7.4.4-py3-none-any.whl", hash = "sha256:b090cdf5ed60bf4c45261be03239c2c1c22df034fbffe691abe93cd80cea01d8"},
    {file = "pytest-7.4.4.tar.gz", hash = "sha256:2cf0005922c6ace4a3e2ec8b4080eb0d9753fdc93107415332f50ce9e7994280"},
]

[package.dependencies]
colorama = {version = "*", markers = "sys_platform == \"win32\""}
exceptiongroup = {version = ">=1.0.0rc8", markers = "python_version < \"3.11\""}
iniconfig = "*"
packaging = "*"
pluggy = ">=0.12,<2.0"
tomli = {version = ">=1.0.0", markers = "python_version < \"3.11\""}

[package.extras]
testing = ["argcomplete", "attrs (>=19.2.0)", "hypothesis (>=3.56)", "mock", "nose", "pygments (>=2.7.2)", "requests", "setuptools", "xmlschema"]

[[package]]
name = "ruff"
version = "0.14.6"
description = "An extremely fast Python linter and code formatter, written in Rust."
optional = false
python-versions = ">=3.7"
groups = ["dev"]
files = [
    {file = "ruff-0.14.6-py3-none-linux_armv6l.whl", hash = "sha256:d724ac2f1c240dbd01a2ae98db5d1d9a5e1d9e96eba999d1c48e30062df578a3"},
    {file = "ruff-0.14.6-py3-none-macosx_10_12_x86_64.whl", hash = "sha256:9f7539ea257aa4d07b7ce87aed580e485c40143f2473ff2f2b75aee003186004"},
    {file = "ruff-0.14.6-py3-none-macosx_11_0_arm64.whl", hash = "sha256:7f6007e55b90a2a7e93083ba48a9f23c3158c433591c33ee2e99a49b889c6332"},
    {file = "ruff-0.14.6-py3-none-manylinux_2_17_aarch64.manylinux2014_aarch64.whl", hash = "sha256:0a8e7b9d73d8728b68f632aa8e824ef041d068d231d8dbc7808532d3629a6bef"},
    {file = "ruff-0.14.6-py3-none-manylinux_2_17_armv7l.manylinux2014_armv7l.whl", hash = "sha256:d50d45d4553a3ebcbd33e7c5e0fe6ca4aafd9a9122492de357205c2c48f00775"},
    {file = "ruff-0.14.6-py3-none-manylinux_2_17_i686.manylinux2014_i686.whl", hash = "sha256:118548dd121f8a21bfa8ab2c5b80e5b4aed67ead4b7567790962554f38e598ce"},
    {file = "ruff-0.14.6-py3-none-manylinux_2_17_ppc64.manylinux2014_ppc64.whl", hash = "sha256:57256efafbfefcb8748df9d1d766062f62b20150691021f8ab79e2d919f7c11f"},
    {file = "ruff-0.14.6-py3-none-manylinux_2_17_ppc64le.manylinux2014_ppc64le.whl", hash = "sha256:ff18134841e5c68f8e5df1999a64429a02d5549036b394fafbe410f886e1989d"},
    {file = "ruff-0.14.6-py3-none-manylinux_2_17_s390x.manylinux2014_s390x.whl", hash = "sha256:29c4b7ec1e66a105d5c27bd57fa93203637d66a26d10ca9809dc7fc18ec58440"},
    {file = "ruff-0.14.6-py3-none-manylinux_2_17_x86_64.manylinux2014_x86_64.whl", hash = "sha256:167843a6f78680746d7e226f255d920aeed5e4ad9c03258094a2d49d3028b105"},
    {file = "ruff-0.14.6-py3-none-manylinux_2_31_riscv64.whl", hash = "sha256:16a33af621c9c523b1ae006b1b99b159bf5ac7e4b1f20b85b2572455018e0821"},
    {file = "ruff-0.14.6-py3-none-musllinux_1_2_aarch64.whl", hash = "sha256:1432ab6e1ae2dc565a7eea707d3b03a0c234ef401482a6f1621bc1f427c2ff55"},
    {file = "ruff-0.14.6-py3-none-musllinux_1_2_armv7l.whl", hash = "sha256:4c55cfbbe7abb61eb914bfd20683d14cdfb38a6d56c6c66efa55ec6570ee4e71"},
    {file = "ruff-0.14.6-py3-none-musllinux_1_2_i686.whl", hash = "sha256:efea3c0f21901a685fff4befda6d61a1bf4cb43de16da87e8226a281d614350b"},
    {file = "ruff-0.14.6-py3-none-musllinux_1_2_x86_64.whl", hash = "sha256:344d97172576d75dc6afc0e9243376dbe1668559c72de1864439c4fc95f78185"},
    {file = "ruff-0.14.6-py3-none-win32.whl", hash = "sha256:00169c0c8b85396516fdd9ce3446c7ca20c2a8f90a77aa945ba6b8f2bfe99e85"},
    {file = "ruff-0.14.6-py3-none-win_amd64.whl", hash = "sha256:390e6480c5e3659f8a4c8d6a0373027820419ac14fa0d2713bd8e6c3e125b8b9"},
    {file = "ruff-0.14.6-py3-none-win_arm64.whl", hash = "sha256:d43c81fbeae52cfa8728d8766bbf46ee4298c888072105815b392da70ca836b2"},
    {file = "ruff-0.14.6.tar.gz", hash = "sha256:6f0c742ca6a7783a736b867a263b9a7a80a45ce9bee391eeda296895f1b4e1cc"},
]

[[package]]
name = "slack-sdk"
version = "3.39.0"
description = "The Slack API Platform SDK for Python"
optional = false
python-versions = ">=3.7"
groups = ["main"]
files = [
    {file = "slack_sdk-3.39.0-py2.py3-none-any.whl", hash = "sha256:b1556b2f5b8b12b94e5ea3f56c4f2c7f04462e4e1013d325c5764ff118044fa8"},
    {file = "slack_sdk-3.39.0.tar.gz", hash = "sha256:6a56be10dc155c436ff658c6b776e1c082e29eae6a771fccf8b0a235822bbcb1"},
]

[package.extras]
optional = ["SQLAlchemy (>=1.4,<3)", "aiodns (>1.0)", "aiohttp (>=3.7.3,<4)", "boto3 (<=2)", "websocket-client (>=1,<2)", "websockets (>=9.1,<16)"]

[[package]]
name = "tomli"
version = "2.0.1"
description = "A lil' TOML parser"
optional = false
python-versions = ">=3.7"
groups = ["dev"]
markers = "python_version == \"3.10\""
files = [
    {file = "tomli-2.0.1-py3-none-any.whl", hash = "sha256:939de3e7a6161af0c887ef91b7d41a53e7c5a1ca976325f429cb46ea9bc30ecc"},
    {file = "tomli-2.0.1.tar.gz", hash = "sha256:de526c12914f0c550d15924c62d72abc48d6fe7364aa87328337a31007fe8a4f"},
]

[metadata]
lock-version = "2.1"
python-versions = "^3.10"
content-hash = "b22f5fe8f57a642b4929e27c6cecbec58bde1c31e24418cb9a5259545a98e755"
